// !$*UTF8*$!
{
	archiveVersion = 1;
	classes = {
	};
	objectVersion = 46;
	objects = {

/* Begin PBXAggregateTarget section */
		B3B9C2A015D7D59B001483BA /* NWLoggingUniversal */ = {
			isa = PBXAggregateTarget;
			buildConfigurationList = B3B9C2A115D7D59B001483BA /* Build configuration list for PBXAggregateTarget "NWLoggingUniversal" */;
			buildPhases = (
				B3B9C2A415D7D5A9001483BA /* Build Cocoa Touch Static */,
			);
			dependencies = (
			);
			name = NWLoggingUniversal;
			productName = NWLoggingTouchUniversal;
		};
/* End PBXAggregateTarget section */

/* Begin PBXBuildFile section */
		B332839315E4FAFF00B76F2B /* NWLLogView.h in Headers */ = {isa = PBXBuildFile; fileRef = B332839115E4FAFF00B76F2B /* NWLLogView.h */; settings = {ATTRIBUTES = (Public, ); }; };
		B332839415E4FAFF00B76F2B /* NWLLogView.m in Sources */ = {isa = PBXBuildFile; fileRef = B332839215E4FAFF00B76F2B /* NWLLogView.m */; };
		B33A81E31A121AA10020F853 /* libNWLogging.a in Frameworks */ = {isa = PBXBuildFile; fileRef = B34EA6E815D4FFBA007B041F /* libNWLogging.a */; };
		B33A81F31A121AAB0020F853 /* libNWLogging.a in Frameworks */ = {isa = PBXBuildFile; fileRef = B34EA6E815D4FFBA007B041F /* libNWLogging.a */; };
		B33A81F91A121AFD0020F853 /* NWLBasicTest.m in Sources */ = {isa = PBXBuildFile; fileRef = B384689C15D6BC7900780B6C /* NWLBasicTest.m */; };
		B33A81FA1A121AFD0020F853 /* NWLFilePrinterTest.m in Sources */ = {isa = PBXBuildFile; fileRef = B3B5316415FE8AF500A0BB0A /* NWLFilePrinterTest.m */; };
		B33A81FB1A121AFD0020F853 /* NWLNonTest.m in Sources */ = {isa = PBXBuildFile; fileRef = B3116F01161C2FC4006562E3 /* NWLNonTest.m */; };
		B33A81FC1A121AFD0020F853 /* NWLBasicTest.m in Sources */ = {isa = PBXBuildFile; fileRef = B384689C15D6BC7900780B6C /* NWLBasicTest.m */; };
		B33A81FD1A121AFD0020F853 /* NWLFilePrinterTest.m in Sources */ = {isa = PBXBuildFile; fileRef = B3B5316415FE8AF500A0BB0A /* NWLFilePrinterTest.m */; };
		B33A81FE1A121AFD0020F853 /* NWLNonTest.m in Sources */ = {isa = PBXBuildFile; fileRef = B3116F01161C2FC4006562E3 /* NWLNonTest.m */; };
		B33A81FF1A121B050020F853 /* NWLCompatibilityTest.m in Sources */ = {isa = PBXBuildFile; fileRef = B384689E15D6BC7900780B6C /* NWLCompatibilityTest.m */; };
		B33A82001A121B050020F853 /* NWLCppTest.cpp in Sources */ = {isa = PBXBuildFile; fileRef = B384689F15D6BC7900780B6C /* NWLCppTest.cpp */; };
		B33A82011A121B050020F853 /* NWLCTest.c in Sources */ = {isa = PBXBuildFile; fileRef = B38468A115D6BC7900780B6C /* NWLCTest.c */; };
		B33A82021A121B050020F853 /* NWLObjectiveCppTest.mm in Sources */ = {isa = PBXBuildFile; fileRef = B38468A415D6BC7900780B6C /* NWLObjectiveCppTest.mm */; };
		B33A82031A121B050020F853 /* NWLObjectiveCTest.m in Sources */ = {isa = PBXBuildFile; fileRef = B38468A615D6BC7900780B6C /* NWLObjectiveCTest.m */; };
		B33A82041A121B050020F853 /* NWLCompatibilityTest.m in Sources */ = {isa = PBXBuildFile; fileRef = B384689E15D6BC7900780B6C /* NWLCompatibilityTest.m */; };
		B33A82051A121B050020F853 /* NWLCppTest.cpp in Sources */ = {isa = PBXBuildFile; fileRef = B384689F15D6BC7900780B6C /* NWLCppTest.cpp */; };
		B33A82061A121B050020F853 /* NWLCTest.c in Sources */ = {isa = PBXBuildFile; fileRef = B38468A115D6BC7900780B6C /* NWLCTest.c */; };
		B33A82071A121B050020F853 /* NWLObjectiveCppTest.mm in Sources */ = {isa = PBXBuildFile; fileRef = B38468A415D6BC7900780B6C /* NWLObjectiveCppTest.mm */; };
		B33A82081A121B050020F853 /* NWLObjectiveCTest.m in Sources */ = {isa = PBXBuildFile; fileRef = B38468A615D6BC7900780B6C /* NWLObjectiveCTest.m */; };
		B34C32971CB31F8100329EE3 /* NWLAsl.h in Headers */ = {isa = PBXBuildFile; fileRef = B34C32951CB31F8100329EE3 /* NWLAsl.h */; };
		B34C32981CB31F8100329EE3 /* NWLAsl.h in Headers */ = {isa = PBXBuildFile; fileRef = B34C32951CB31F8100329EE3 /* NWLAsl.h */; };
		B34C32991CB31F8100329EE3 /* NWLAsl.c in Sources */ = {isa = PBXBuildFile; fileRef = B34C32961CB31F8100329EE3 /* NWLAsl.c */; };
		B34C329A1CB31F8100329EE3 /* NWLAsl.c in Sources */ = {isa = PBXBuildFile; fileRef = B34C32961CB31F8100329EE3 /* NWLAsl.c */; };
		B34EA70815D5007C007B041F /* NWLCore.c in Sources */ = {isa = PBXBuildFile; fileRef = B34EA6DE15D4FEC7007B041F /* NWLCore.c */; };
		B34EA70C15D500D1007B041F /* libNWLogging.a in Frameworks */ = {isa = PBXBuildFile; fileRef = B34EA6E815D4FFBA007B041F /* libNWLogging.a */; };
		B34EA70E15D500E7007B041F /* CoreFoundation.framework in Frameworks */ = {isa = PBXBuildFile; fileRef = B34EA70D15D500E7007B041F /* CoreFoundation.framework */; };
		B362EEFD16285DBF00713E4F /* NWLLogViewController.h in Headers */ = {isa = PBXBuildFile; fileRef = B384682815D6B6C100780B6C /* NWLLogViewController.h */; settings = {ATTRIBUTES = (Public, ); }; };
		B384682A15D6B6C100780B6C /* NWLFilePrinter.h in Headers */ = {isa = PBXBuildFile; fileRef = B384681D15D6B6C100780B6C /* NWLFilePrinter.h */; settings = {ATTRIBUTES = (Public, ); }; };
		B384682C15D6B6C100780B6C /* NWLLineLogger.h in Headers */ = {isa = PBXBuildFile; fileRef = B384681F15D6B6C100780B6C /* NWLLineLogger.h */; settings = {ATTRIBUTES = (Public, ); }; };
		B384682E15D6B6C100780B6C /* NWLMultiLogger.h in Headers */ = {isa = PBXBuildFile; fileRef = B384682115D6B6C100780B6C /* NWLMultiLogger.h */; settings = {ATTRIBUTES = (Public, ); }; };
		B384683015D6B6C100780B6C /* NWLPrinter.h in Headers */ = {isa = PBXBuildFile; fileRef = B384682315D6B6C100780B6C /* NWLPrinter.h */; settings = {ATTRIBUTES = (Public, ); }; };
		B384683215D6B6C100780B6C /* NWLTools.h in Headers */ = {isa = PBXBuildFile; fileRef = B384682515D6B6C100780B6C /* NWLTools.h */; settings = {ATTRIBUTES = (Public, ); }; };
		B384685715D6BBC500780B6C /* Foundation.framework in Frameworks */ = {isa = PBXBuildFile; fileRef = B384684315D6BB8F00780B6C /* Foundation.framework */; };
		B386182F1635553F005C69BF /* Icon.icns in Resources */ = {isa = PBXBuildFile; fileRef = B386181116355532005C69BF /* Icon.icns */; };
		B38618301635553F005C69BF /* main.m in Sources */ = {isa = PBXBuildFile; fileRef = B386181216355532005C69BF /* main.m */; };
		B38618311635553F005C69BF /* MainMenu.xib in Resources */ = {isa = PBXBuildFile; fileRef = B386181316355532005C69BF /* MainMenu.xib */; };
		B38618321635553F005C69BF /* NWLAppDelegate.m in Sources */ = {isa = PBXBuildFile; fileRef = B386181516355532005C69BF /* NWLAppDelegate.m */; };
		B386183316355545005C69BF /* main.c in Sources */ = {isa = PBXBuildFile; fileRef = B386181916355532005C69BF /* main.c */; };
		B38618341635554D005C69BF /* Default-568h@2x.png in Resources */ = {isa = PBXBuildFile; fileRef = B386181B16355532005C69BF /* Default-568h@2x.png */; };
		B38618351635554D005C69BF /* Icon-72.png in Resources */ = {isa = PBXBuildFile; fileRef = B386181C16355532005C69BF /* Icon-72.png */; };
		B38618361635554D005C69BF /* Icon-72@2x.png in Resources */ = {isa = PBXBuildFile; fileRef = B386181D16355532005C69BF /* Icon-72@2x.png */; };
		B38618371635554D005C69BF /* Icon.png in Resources */ = {isa = PBXBuildFile; fileRef = B386181E16355532005C69BF /* Icon.png */; };
		B38618381635554D005C69BF /* Icon@2x.png in Resources */ = {isa = PBXBuildFile; fileRef = B386181F16355532005C69BF /* Icon@2x.png */; };
		B38618391635554D005C69BF /* Localizable.strings in Resources */ = {isa = PBXBuildFile; fileRef = B386182016355532005C69BF /* Localizable.strings */; };
		B386183A1635554D005C69BF /* main.m in Sources */ = {isa = PBXBuildFile; fileRef = B386182116355532005C69BF /* main.m */; };
		B386183B1635554D005C69BF /* NWLAppDelegate.m in Sources */ = {isa = PBXBuildFile; fileRef = B386182316355532005C69BF /* NWLAppDelegate.m */; };
		B386183C16355554005C69BF /* NWLIntroViewController.m in Sources */ = {isa = PBXBuildFile; fileRef = B386182816355532005C69BF /* NWLIntroViewController.m */; };
		B386183D16355554005C69BF /* NWLMenuViewController.m in Sources */ = {isa = PBXBuildFile; fileRef = B386182A16355532005C69BF /* NWLMenuViewController.m */; };
		B386183E16355554005C69BF /* NWLPerformanceViewController.m in Sources */ = {isa = PBXBuildFile; fileRef = B386182C16355532005C69BF /* NWLPerformanceViewController.m */; };
		B386183F16355554005C69BF /* NWLPersistentViewController.m in Sources */ = {isa = PBXBuildFile; fileRef = B386182E16355532005C69BF /* NWLPersistentViewController.m */; };
		B386697A15FD04B000EF217C /* Cocoa.framework in Frameworks */ = {isa = PBXBuildFile; fileRef = B34EA6EB15D4FFBA007B041F /* Cocoa.framework */; };
		B38669A615FD061C00EF217C /* libNWLogging.a in Frameworks */ = {isa = PBXBuildFile; fileRef = B34EA6E815D4FFBA007B041F /* libNWLogging.a */; };
		B38669A715FD064A00EF217C /* NWLTools.m in Sources */ = {isa = PBXBuildFile; fileRef = B384682615D6B6C100780B6C /* NWLTools.m */; };
		B38669A815FD065D00EF217C /* NWLMultiLogger.m in Sources */ = {isa = PBXBuildFile; fileRef = B384682215D6B6C100780B6C /* NWLMultiLogger.m */; };
		B38669A915FD06E700EF217C /* NWLLogView.m in Sources */ = {isa = PBXBuildFile; fileRef = B332839215E4FAFF00B76F2B /* NWLLogView.m */; };
		B38669AA15FD09D500EF217C /* NWLFilePrinter.m in Sources */ = {isa = PBXBuildFile; fileRef = B384681E15D6B6C100780B6C /* NWLFilePrinter.m */; };
		B38669AB15FD09DC00EF217C /* NWLLineLogger.m in Sources */ = {isa = PBXBuildFile; fileRef = B384682015D6B6C100780B6C /* NWLLineLogger.m */; };
		B38669C215FD109C00EF217C /* NWLLogView.h in Headers */ = {isa = PBXBuildFile; fileRef = B332839115E4FAFF00B76F2B /* NWLLogView.h */; settings = {ATTRIBUTES = (Public, ); }; };
		B39DC10C15D7C4FB00374BE5 /* NWLCore.c in Sources */ = {isa = PBXBuildFile; fileRef = B34EA6DE15D4FEC7007B041F /* NWLCore.c */; };
		B39DC11215D7C51B00374BE5 /* NWLFilePrinter.m in Sources */ = {isa = PBXBuildFile; fileRef = B384681E15D6B6C100780B6C /* NWLFilePrinter.m */; };
		B39DC11315D7C51B00374BE5 /* NWLLineLogger.m in Sources */ = {isa = PBXBuildFile; fileRef = B384682015D6B6C100780B6C /* NWLLineLogger.m */; };
		B39DC11415D7C51B00374BE5 /* NWLMultiLogger.m in Sources */ = {isa = PBXBuildFile; fileRef = B384682215D6B6C100780B6C /* NWLMultiLogger.m */; };
		B39DC11615D7C51B00374BE5 /* NWLTools.m in Sources */ = {isa = PBXBuildFile; fileRef = B384682615D6B6C100780B6C /* NWLTools.m */; };
		B39DC11715D7C52000374BE5 /* NWLLogViewController.m in Sources */ = {isa = PBXBuildFile; fileRef = B384682915D6B6C100780B6C /* NWLLogViewController.m */; };
		B3B9C2A515D7D72B001483BA /* NWLogging.h in Headers */ = {isa = PBXBuildFile; fileRef = B34EA6E015D4FEC7007B041F /* NWLogging.h */; settings = {ATTRIBUTES = (Public, ); }; };
		B3B9C2A615D7D735001483BA /* NWLCore.h in Headers */ = {isa = PBXBuildFile; fileRef = B34EA6DF15D4FEC7007B041F /* NWLCore.h */; settings = {ATTRIBUTES = (Public, ); }; };
		B3B9C2A815D7D767001483BA /* NWLCore.h in Headers */ = {isa = PBXBuildFile; fileRef = B34EA6DF15D4FEC7007B041F /* NWLCore.h */; settings = {ATTRIBUTES = (Public, ); }; };
		B3B9C2A915D7D767001483BA /* NWLFilePrinter.h in Headers */ = {isa = PBXBuildFile; fileRef = B384681D15D6B6C100780B6C /* NWLFilePrinter.h */; settings = {ATTRIBUTES = (Public, ); }; };
		B3B9C2AA15D7D767001483BA /* NWLLineLogger.h in Headers */ = {isa = PBXBuildFile; fileRef = B384681F15D6B6C100780B6C /* NWLLineLogger.h */; settings = {ATTRIBUTES = (Public, ); }; };
		B3B9C2AB15D7D767001483BA /* NWLMultiLogger.h in Headers */ = {isa = PBXBuildFile; fileRef = B384682115D6B6C100780B6C /* NWLMultiLogger.h */; settings = {ATTRIBUTES = (Public, ); }; };
		B3B9C2AC15D7D767001483BA /* NWLPrinter.h in Headers */ = {isa = PBXBuildFile; fileRef = B384682315D6B6C100780B6C /* NWLPrinter.h */; settings = {ATTRIBUTES = (Public, ); }; };
		B3B9C2AD15D7D767001483BA /* NWLTools.h in Headers */ = {isa = PBXBuildFile; fileRef = B384682515D6B6C100780B6C /* NWLTools.h */; settings = {ATTRIBUTES = (Public, ); }; };
		B3B9C2AE15D7D767001483BA /* NWLLogViewController.h in Headers */ = {isa = PBXBuildFile; fileRef = B384682815D6B6C100780B6C /* NWLLogViewController.h */; settings = {ATTRIBUTES = (Public, ); }; };
		B3B9C2AF15D7D767001483BA /* NWLogging.h in Headers */ = {isa = PBXBuildFile; fileRef = B34EA6E015D4FEC7007B041F /* NWLogging.h */; settings = {ATTRIBUTES = (Public, ); }; };
		B3E0BD9F160E0493009185F0 /* libz.dylib in Frameworks */ = {isa = PBXBuildFile; fileRef = B3E0BD9E160E0493009185F0 /* libz.dylib */; settings = {ATTRIBUTES = (Required, ); }; };
		B3E0BDA2160E04D9009185F0 /* MessageUI.framework in Frameworks */ = {isa = PBXBuildFile; fileRef = B3E0BDA1160E04D9009185F0 /* MessageUI.framework */; settings = {ATTRIBUTES = (Required, ); }; };
		B3E0BDA4160E04E7009185F0 /* UIKit.framework in Frameworks */ = {isa = PBXBuildFile; fileRef = B3E0BDA3160E04E7009185F0 /* UIKit.framework */; };
		B3E0BE22160E1761009185F0 /* libNWLogging.a in Frameworks */ = {isa = PBXBuildFile; fileRef = B384684215D6BB8F00780B6C /* libNWLogging.a */; };
/* End PBXBuildFile section */

/* Begin PBXContainerItemProxy section */
		B33A81E41A121AA10020F853 /* PBXContainerItemProxy */ = {
			isa = PBXContainerItemProxy;
			containerPortal = B34EA6CB15D4FDE4007B041F /* Project object */;
			proxyType = 1;
			remoteGlobalIDString = B34EA6E715D4FFBA007B041F;
			remoteInfo = NWLoggingCocoaStatic;
		};
		B33A81F41A121AAB0020F853 /* PBXContainerItemProxy */ = {
			isa = PBXContainerItemProxy;
			containerPortal = B34EA6CB15D4FDE4007B041F /* Project object */;
			proxyType = 1;
			remoteGlobalIDString = B34EA6E715D4FFBA007B041F;
			remoteInfo = NWLoggingCocoaStatic;
		};
		B38669A415FD061800EF217C /* PBXContainerItemProxy */ = {
			isa = PBXContainerItemProxy;
			containerPortal = B34EA6CB15D4FDE4007B041F /* Project object */;
			proxyType = 1;
			remoteGlobalIDString = B34EA6E715D4FFBA007B041F;
			remoteInfo = NWLoggingCocoaStatic;
		};
		B39DC0FF15D6BEBF00374BE5 /* PBXContainerItemProxy */ = {
			isa = PBXContainerItemProxy;
			containerPortal = B34EA6CB15D4FDE4007B041F /* Project object */;
			proxyType = 1;
			remoteGlobalIDString = B34EA6E715D4FFBA007B041F;
			remoteInfo = NWLoggingCocoaStatic;
		};
		B39DC10615D7C3AB00374BE5 /* PBXContainerItemProxy */ = {
			isa = PBXContainerItemProxy;
			containerPortal = B34EA6CB15D4FDE4007B041F /* Project object */;
			proxyType = 1;
			remoteGlobalIDString = B384684115D6BB8F00780B6C;
			remoteInfo = NWLoggingTouchStatic;
		};
/* End PBXContainerItemProxy section */

/* Begin PBXCopyFilesBuildPhase section */
		B34EA6FC15D4FFEF007B041F /* CopyFiles */ = {
			isa = PBXCopyFilesBuildPhase;
			buildActionMask = 2147483647;
			dstPath = /usr/share/man/man1/;
			dstSubfolderSpec = 0;
			files = (
			);
			runOnlyForDeploymentPostprocessing = 1;
		};
		B384684015D6BB8F00780B6C /* CopyFiles */ = {
			isa = PBXCopyFilesBuildPhase;
			buildActionMask = 2147483647;
			dstPath = "include/${PRODUCT_NAME}";
			dstSubfolderSpec = 16;
			files = (
			);
			runOnlyForDeploymentPostprocessing = 0;
		};
/* End PBXCopyFilesBuildPhase section */

/* Begin PBXFileReference section */
		B3116F01161C2FC4006562E3 /* NWLNonTest.m */ = {isa = PBXFileReference; fileEncoding = 4; lastKnownFileType = sourcecode.c.objc; path = NWLNonTest.m; sourceTree = "<group>"; };
		B3126A9518BF862900337E2E /* NWLogging.podspec */ = {isa = PBXFileReference; lastKnownFileType = text; path = NWLogging.podspec; sourceTree = "<group>"; };
		B332839115E4FAFF00B76F2B /* NWLLogView.h */ = {isa = PBXFileReference; fileEncoding = 4; lastKnownFileType = sourcecode.c.h; path = NWLLogView.h; sourceTree = "<group>"; };
		B332839215E4FAFF00B76F2B /* NWLLogView.m */ = {isa = PBXFileReference; fileEncoding = 4; lastKnownFileType = sourcecode.c.objc; path = NWLLogView.m; sourceTree = "<group>"; };
		B33A81DD1A121AA10020F853 /* NWLoggingTouchTest.xctest */ = {isa = PBXFileReference; explicitFileType = wrapper.cfbundle; includeInIndex = 0; path = NWLoggingTouchTest.xctest; sourceTree = BUILT_PRODUCTS_DIR; };
		B33A81ED1A121AAB0020F853 /* NWLoggingCocoaTest.xctest */ = {isa = PBXFileReference; explicitFileType = wrapper.cfbundle; includeInIndex = 0; path = NWLoggingCocoaTest.xctest; sourceTree = BUILT_PRODUCTS_DIR; };
		B34C32951CB31F8100329EE3 /* NWLAsl.h */ = {isa = PBXFileReference; fileEncoding = 4; lastKnownFileType = sourcecode.c.h; path = NWLAsl.h; sourceTree = "<group>"; };
		B34C32961CB31F8100329EE3 /* NWLAsl.c */ = {isa = PBXFileReference; fileEncoding = 4; lastKnownFileType = sourcecode.c.c; path = NWLAsl.c; sourceTree = "<group>"; };
		B34EA6DA15D4FE4E007B041F /* README.md */ = {isa = PBXFileReference; lastKnownFileType = text; path = README.md; sourceTree = "<group>"; };
		B34EA6DE15D4FEC7007B041F /* NWLCore.c */ = {isa = PBXFileReference; lastKnownFileType = sourcecode.c.c; path = NWLCore.c; sourceTree = "<group>"; };
		B34EA6DF15D4FEC7007B041F /* NWLCore.h */ = {isa = PBXFileReference; lastKnownFileType = sourcecode.c.h; path = NWLCore.h; sourceTree = "<group>"; };
		B34EA6E015D4FEC7007B041F /* NWLogging.h */ = {isa = PBXFileReference; lastKnownFileType = sourcecode.c.h; path = NWLogging.h; sourceTree = "<group>"; };
		B34EA6E815D4FFBA007B041F /* libNWLogging.a */ = {isa = PBXFileReference; explicitFileType = archive.ar; includeInIndex = 0; path = libNWLogging.a; sourceTree = BUILT_PRODUCTS_DIR; };
		B34EA6EB15D4FFBA007B041F /* Cocoa.framework */ = {isa = PBXFileReference; lastKnownFileType = wrapper.framework; name = Cocoa.framework; path = System/Library/Frameworks/Cocoa.framework; sourceTree = SDKROOT; };
		B34EA6FE15D4FFEF007B041F /* NWLogging */ = {isa = PBXFileReference; explicitFileType = "compiled.mach-o.executable"; includeInIndex = 0; path = NWLogging; sourceTree = BUILT_PRODUCTS_DIR; };
		B34EA70D15D500E7007B041F /* CoreFoundation.framework */ = {isa = PBXFileReference; lastKnownFileType = wrapper.framework; name = CoreFoundation.framework; path = Platforms/MacOSX.platform/Developer/SDKs/MacOSX10.8.sdk/System/Library/Frameworks/CoreFoundation.framework; sourceTree = DEVELOPER_DIR; };
		B384681D15D6B6C100780B6C /* NWLFilePrinter.h */ = {isa = PBXFileReference; fileEncoding = 4; lastKnownFileType = sourcecode.c.h; path = NWLFilePrinter.h; sourceTree = "<group>"; };
		B384681E15D6B6C100780B6C /* NWLFilePrinter.m */ = {isa = PBXFileReference; fileEncoding = 4; lastKnownFileType = sourcecode.c.objc; path = NWLFilePrinter.m; sourceTree = "<group>"; };
		B384681F15D6B6C100780B6C /* NWLLineLogger.h */ = {isa = PBXFileReference; fileEncoding = 4; lastKnownFileType = sourcecode.c.h; path = NWLLineLogger.h; sourceTree = "<group>"; };
		B384682015D6B6C100780B6C /* NWLLineLogger.m */ = {isa = PBXFileReference; fileEncoding = 4; lastKnownFileType = sourcecode.c.objc; path = NWLLineLogger.m; sourceTree = "<group>"; };
		B384682115D6B6C100780B6C /* NWLMultiLogger.h */ = {isa = PBXFileReference; fileEncoding = 4; lastKnownFileType = sourcecode.c.h; path = NWLMultiLogger.h; sourceTree = "<group>"; };
		B384682215D6B6C100780B6C /* NWLMultiLogger.m */ = {isa = PBXFileReference; fileEncoding = 4; lastKnownFileType = sourcecode.c.objc; path = NWLMultiLogger.m; sourceTree = "<group>"; };
		B384682315D6B6C100780B6C /* NWLPrinter.h */ = {isa = PBXFileReference; fileEncoding = 4; lastKnownFileType = sourcecode.c.h; path = NWLPrinter.h; sourceTree = "<group>"; };
		B384682515D6B6C100780B6C /* NWLTools.h */ = {isa = PBXFileReference; fileEncoding = 4; lastKnownFileType = sourcecode.c.h; path = NWLTools.h; sourceTree = "<group>"; };
		B384682615D6B6C100780B6C /* NWLTools.m */ = {isa = PBXFileReference; fileEncoding = 4; lastKnownFileType = sourcecode.c.objc; path = NWLTools.m; sourceTree = "<group>"; };
		B384682815D6B6C100780B6C /* NWLLogViewController.h */ = {isa = PBXFileReference; fileEncoding = 4; lastKnownFileType = sourcecode.c.h; path = NWLLogViewController.h; sourceTree = "<group>"; };
		B384682915D6B6C100780B6C /* NWLLogViewController.m */ = {isa = PBXFileReference; fileEncoding = 4; lastKnownFileType = sourcecode.c.objc; path = NWLLogViewController.m; sourceTree = "<group>"; };
		B384684215D6BB8F00780B6C /* libNWLogging.a */ = {isa = PBXFileReference; explicitFileType = archive.ar; includeInIndex = 0; path = libNWLogging.a; sourceTree = BUILT_PRODUCTS_DIR; };
		B384684315D6BB8F00780B6C /* Foundation.framework */ = {isa = PBXFileReference; lastKnownFileType = wrapper.framework; name = Foundation.framework; path = System/Library/Frameworks/Foundation.framework; sourceTree = SDKROOT; };
		B384685315D6BBC500780B6C /* NWLogging.app */ = {isa = PBXFileReference; explicitFileType = wrapper.application; includeInIndex = 0; path = NWLogging.app; sourceTree = BUILT_PRODUCTS_DIR; };
		B384689C15D6BC7900780B6C /* NWLBasicTest.m */ = {isa = PBXFileReference; fileEncoding = 4; lastKnownFileType = sourcecode.c.objc; path = NWLBasicTest.m; sourceTree = "<group>"; };
		B384689E15D6BC7900780B6C /* NWLCompatibilityTest.m */ = {isa = PBXFileReference; fileEncoding = 4; lastKnownFileType = sourcecode.c.objc; path = NWLCompatibilityTest.m; sourceTree = "<group>"; };
		B384689F15D6BC7900780B6C /* NWLCppTest.cpp */ = {isa = PBXFileReference; fileEncoding = 4; lastKnownFileType = sourcecode.cpp.cpp; path = NWLCppTest.cpp; sourceTree = "<group>"; };
		B38468A015D6BC7900780B6C /* NWLCppTest.h */ = {isa = PBXFileReference; fileEncoding = 4; lastKnownFileType = sourcecode.c.h; path = NWLCppTest.h; sourceTree = "<group>"; };
		B38468A115D6BC7900780B6C /* NWLCTest.c */ = {isa = PBXFileReference; fileEncoding = 4; lastKnownFileType = sourcecode.c.c; path = NWLCTest.c; sourceTree = "<group>"; };
		B38468A215D6BC7900780B6C /* NWLCTest.h */ = {isa = PBXFileReference; fileEncoding = 4; lastKnownFileType = sourcecode.c.h; path = NWLCTest.h; sourceTree = "<group>"; };
		B38468A315D6BC7900780B6C /* NWLObjectiveCppTest.h */ = {isa = PBXFileReference; fileEncoding = 4; lastKnownFileType = sourcecode.c.h; path = NWLObjectiveCppTest.h; sourceTree = "<group>"; };
		B38468A415D6BC7900780B6C /* NWLObjectiveCppTest.mm */ = {isa = PBXFileReference; fileEncoding = 4; lastKnownFileType = sourcecode.cpp.objcpp; path = NWLObjectiveCppTest.mm; sourceTree = "<group>"; };
		B38468A515D6BC7900780B6C /* NWLObjectiveCTest.h */ = {isa = PBXFileReference; fileEncoding = 4; lastKnownFileType = sourcecode.c.h; path = NWLObjectiveCTest.h; sourceTree = "<group>"; };
		B38468A615D6BC7900780B6C /* NWLObjectiveCTest.m */ = {isa = PBXFileReference; fileEncoding = 4; lastKnownFileType = sourcecode.c.objc; path = NWLObjectiveCTest.m; sourceTree = "<group>"; };
		B38468A715D6BC7900780B6C /* NWLoggingTest-Info.plist */ = {isa = PBXFileReference; fileEncoding = 4; lastKnownFileType = text.plist.xml; path = "NWLoggingTest-Info.plist"; sourceTree = "<group>"; };
		B386181116355532005C69BF /* Icon.icns */ = {isa = PBXFileReference; lastKnownFileType = image.icns; path = Icon.icns; sourceTree = "<group>"; };
		B386181216355532005C69BF /* main.m */ = {isa = PBXFileReference; lastKnownFileType = sourcecode.c.objc; path = main.m; sourceTree = "<group>"; };
		B386181316355532005C69BF /* MainMenu.xib */ = {isa = PBXFileReference; lastKnownFileType = file.xib; path = MainMenu.xib; sourceTree = "<group>"; };
		B386181416355532005C69BF /* NWLAppDelegate.h */ = {isa = PBXFileReference; lastKnownFileType = sourcecode.c.h; path = NWLAppDelegate.h; sourceTree = "<group>"; };
		B386181516355532005C69BF /* NWLAppDelegate.m */ = {isa = PBXFileReference; lastKnownFileType = sourcecode.c.objc; path = NWLAppDelegate.m; sourceTree = "<group>"; };
		B386181616355532005C69BF /* NWLoggingCocoaDemo-Info.plist */ = {isa = PBXFileReference; lastKnownFileType = text.plist.xml; path = "NWLoggingCocoaDemo-Info.plist"; sourceTree = "<group>"; };
		B386181716355532005C69BF /* NWLoggingCocoaDemo-Prefix.pch */ = {isa = PBXFileReference; lastKnownFileType = sourcecode.c.h; path = "NWLoggingCocoaDemo-Prefix.pch"; sourceTree = "<group>"; };
		B386181916355532005C69BF /* main.c */ = {isa = PBXFileReference; lastKnownFileType = sourcecode.c.c; path = main.c; sourceTree = "<group>"; };
		B386181B16355532005C69BF /* Default-568h@2x.png */ = {isa = PBXFileReference; lastKnownFileType = image.png; path = "Default-568h@2x.png"; sourceTree = "<group>"; };
		B386181C16355532005C69BF /* Icon-72.png */ = {isa = PBXFileReference; lastKnownFileType = image.png; path = "Icon-72.png"; sourceTree = "<group>"; };
		B386181D16355532005C69BF /* Icon-72@2x.png */ = {isa = PBXFileReference; lastKnownFileType = image.png; path = "Icon-72@2x.png"; sourceTree = "<group>"; };
		B386181E16355532005C69BF /* Icon.png */ = {isa = PBXFileReference; lastKnownFileType = image.png; path = Icon.png; sourceTree = "<group>"; };
		B386181F16355532005C69BF /* Icon@2x.png */ = {isa = PBXFileReference; lastKnownFileType = image.png; path = "Icon@2x.png"; sourceTree = "<group>"; };
		B386182016355532005C69BF /* Localizable.strings */ = {isa = PBXFileReference; lastKnownFileType = text.plist.strings; path = Localizable.strings; sourceTree = "<group>"; };
		B386182116355532005C69BF /* main.m */ = {isa = PBXFileReference; lastKnownFileType = sourcecode.c.objc; path = main.m; sourceTree = "<group>"; };
		B386182216355532005C69BF /* NWLAppDelegate.h */ = {isa = PBXFileReference; lastKnownFileType = sourcecode.c.h; path = NWLAppDelegate.h; sourceTree = "<group>"; };
		B386182316355532005C69BF /* NWLAppDelegate.m */ = {isa = PBXFileReference; lastKnownFileType = sourcecode.c.objc; path = NWLAppDelegate.m; sourceTree = "<group>"; };
		B386182416355532005C69BF /* NWLoggingTouchDemo-Info.plist */ = {isa = PBXFileReference; lastKnownFileType = text.plist.xml; path = "NWLoggingTouchDemo-Info.plist"; sourceTree = "<group>"; };
		B386182516355532005C69BF /* NWLoggingTouchDemo-Prefix.pch */ = {isa = PBXFileReference; lastKnownFileType = sourcecode.c.h; path = "NWLoggingTouchDemo-Prefix.pch"; sourceTree = "<group>"; };
		B386182716355532005C69BF /* NWLIntroViewController.h */ = {isa = PBXFileReference; lastKnownFileType = sourcecode.c.h; path = NWLIntroViewController.h; sourceTree = "<group>"; };
		B386182816355532005C69BF /* NWLIntroViewController.m */ = {isa = PBXFileReference; lastKnownFileType = sourcecode.c.objc; path = NWLIntroViewController.m; sourceTree = "<group>"; };
		B386182916355532005C69BF /* NWLMenuViewController.h */ = {isa = PBXFileReference; lastKnownFileType = sourcecode.c.h; path = NWLMenuViewController.h; sourceTree = "<group>"; };
		B386182A16355532005C69BF /* NWLMenuViewController.m */ = {isa = PBXFileReference; lastKnownFileType = sourcecode.c.objc; path = NWLMenuViewController.m; sourceTree = "<group>"; };
		B386182B16355532005C69BF /* NWLPerformanceViewController.h */ = {isa = PBXFileReference; lastKnownFileType = sourcecode.c.h; path = NWLPerformanceViewController.h; sourceTree = "<group>"; };
		B386182C16355532005C69BF /* NWLPerformanceViewController.m */ = {isa = PBXFileReference; lastKnownFileType = sourcecode.c.objc; path = NWLPerformanceViewController.m; sourceTree = "<group>"; };
		B386182D16355532005C69BF /* NWLPersistentViewController.h */ = {isa = PBXFileReference; lastKnownFileType = sourcecode.c.h; path = NWLPersistentViewController.h; sourceTree = "<group>"; };
		B386182E16355532005C69BF /* NWLPersistentViewController.m */ = {isa = PBXFileReference; lastKnownFileType = sourcecode.c.objc; path = NWLPersistentViewController.m; sourceTree = "<group>"; };
		B386697815FD04B000EF217C /* NWLogging.app */ = {isa = PBXFileReference; explicitFileType = wrapper.application; includeInIndex = 0; path = NWLogging.app; sourceTree = BUILT_PRODUCTS_DIR; };
		B3B5316415FE8AF500A0BB0A /* NWLFilePrinterTest.m */ = {isa = PBXFileReference; fileEncoding = 4; lastKnownFileType = sourcecode.c.objc; path = NWLFilePrinterTest.m; sourceTree = "<group>"; };
		B3E0BD9E160E0493009185F0 /* libz.dylib */ = {isa = PBXFileReference; lastKnownFileType = "compiled.mach-o.dylib"; name = libz.dylib; path = Platforms/iPhoneOS.platform/Developer/SDKs/iPhoneOS6.0.sdk/usr/lib/libz.dylib; sourceTree = DEVELOPER_DIR; };
		B3E0BDA1160E04D9009185F0 /* MessageUI.framework */ = {isa = PBXFileReference; lastKnownFileType = wrapper.framework; name = MessageUI.framework; path = Platforms/iPhoneOS.platform/Developer/SDKs/iPhoneOS6.0.sdk/System/Library/Frameworks/MessageUI.framework; sourceTree = DEVELOPER_DIR; };
		B3E0BDA3160E04E7009185F0 /* UIKit.framework */ = {isa = PBXFileReference; lastKnownFileType = wrapper.framework; name = UIKit.framework; path = Platforms/iPhoneOS.platform/Developer/SDKs/iPhoneOS6.0.sdk/System/Library/Frameworks/UIKit.framework; sourceTree = DEVELOPER_DIR; };
/* End PBXFileReference section */

/* Begin PBXFrameworksBuildPhase section */
		B33A81DA1A121AA10020F853 /* Frameworks */ = {
			isa = PBXFrameworksBuildPhase;
			buildActionMask = 2147483647;
			files = (
				B33A81E31A121AA10020F853 /* libNWLogging.a in Frameworks */,
			);
			runOnlyForDeploymentPostprocessing = 0;
		};
		B33A81EA1A121AAB0020F853 /* Frameworks */ = {
			isa = PBXFrameworksBuildPhase;
			buildActionMask = 2147483647;
			files = (
				B33A81F31A121AAB0020F853 /* libNWLogging.a in Frameworks */,
			);
			runOnlyForDeploymentPostprocessing = 0;
		};
		B34EA6E515D4FFBA007B041F /* Frameworks */ = {
			isa = PBXFrameworksBuildPhase;
			buildActionMask = 2147483647;
			files = (
			);
			runOnlyForDeploymentPostprocessing = 0;
		};
		B34EA6FB15D4FFEF007B041F /* Frameworks */ = {
			isa = PBXFrameworksBuildPhase;
			buildActionMask = 2147483647;
			files = (
				B34EA70E15D500E7007B041F /* CoreFoundation.framework in Frameworks */,
				B34EA70C15D500D1007B041F /* libNWLogging.a in Frameworks */,
			);
			runOnlyForDeploymentPostprocessing = 0;
		};
		B384683F15D6BB8F00780B6C /* Frameworks */ = {
			isa = PBXFrameworksBuildPhase;
			buildActionMask = 2147483647;
			files = (
			);
			runOnlyForDeploymentPostprocessing = 0;
		};
		B384685015D6BBC500780B6C /* Frameworks */ = {
			isa = PBXFrameworksBuildPhase;
			buildActionMask = 2147483647;
			files = (
				B3E0BE22160E1761009185F0 /* libNWLogging.a in Frameworks */,
				B3E0BDA4160E04E7009185F0 /* UIKit.framework in Frameworks */,
				B3E0BDA2160E04D9009185F0 /* MessageUI.framework in Frameworks */,
				B3E0BD9F160E0493009185F0 /* libz.dylib in Frameworks */,
				B384685715D6BBC500780B6C /* Foundation.framework in Frameworks */,
			);
			runOnlyForDeploymentPostprocessing = 0;
		};
		B386697515FD04B000EF217C /* Frameworks */ = {
			isa = PBXFrameworksBuildPhase;
			buildActionMask = 2147483647;
			files = (
				B38669A615FD061C00EF217C /* libNWLogging.a in Frameworks */,
				B386697A15FD04B000EF217C /* Cocoa.framework in Frameworks */,
			);
			runOnlyForDeploymentPostprocessing = 0;
		};
/* End PBXFrameworksBuildPhase section */

/* Begin PBXGroup section */
		B34EA6C915D4FDE4007B041F = {
			isa = PBXGroup;
			children = (
				B34EA6DA15D4FE4E007B041F /* README.md */,
				B3126A9518BF862900337E2E /* NWLogging.podspec */,
				B34EA6DC15D4FEC7007B041F /* Library */,
				B384689A15D6BC7900780B6C /* Test */,
				B386180F16355532005C69BF /* Demo */,
				B34EA6EA15D4FFBA007B041F /* Frameworks */,
				B34EA6E915D4FFBA007B041F /* Products */,
			);
			sourceTree = "<group>";
		};
		B34EA6DC15D4FEC7007B041F /* Library */ = {
			isa = PBXGroup;
			children = (
				B34EA6DD15D4FEC7007B041F /* Core */,
				B384681C15D6B6C100780B6C /* Printers */,
				B384682715D6B6C100780B6C /* UI */,
				B34EA6E015D4FEC7007B041F /* NWLogging.h */,
			);
			path = Library;
			sourceTree = "<group>";
		};
		B34EA6DD15D4FEC7007B041F /* Core */ = {
			isa = PBXGroup;
			children = (
				B34EA6DF15D4FEC7007B041F /* NWLCore.h */,
				B34EA6DE15D4FEC7007B041F /* NWLCore.c */,
			);
			path = Core;
			sourceTree = "<group>";
		};
		B34EA6E915D4FFBA007B041F /* Products */ = {
			isa = PBXGroup;
			children = (
				B34EA6E815D4FFBA007B041F /* libNWLogging.a */,
				B34EA6FE15D4FFEF007B041F /* NWLogging */,
				B384684215D6BB8F00780B6C /* libNWLogging.a */,
				B384685315D6BBC500780B6C /* NWLogging.app */,
				B386697815FD04B000EF217C /* NWLogging.app */,
				B33A81DD1A121AA10020F853 /* NWLoggingTouchTest.xctest */,
				B33A81ED1A121AAB0020F853 /* NWLoggingCocoaTest.xctest */,
			);
			name = Products;
			sourceTree = "<group>";
		};
		B34EA6EA15D4FFBA007B041F /* Frameworks */ = {
			isa = PBXGroup;
			children = (
				B3E0BD9E160E0493009185F0 /* libz.dylib */,
				B34EA6EB15D4FFBA007B041F /* Cocoa.framework */,
				B34EA70D15D500E7007B041F /* CoreFoundation.framework */,
				B384684315D6BB8F00780B6C /* Foundation.framework */,
				B3E0BDA1160E04D9009185F0 /* MessageUI.framework */,
				B3E0BDA3160E04E7009185F0 /* UIKit.framework */,
			);
			name = Frameworks;
			sourceTree = "<group>";
		};
		B384681C15D6B6C100780B6C /* Printers */ = {
			isa = PBXGroup;
			children = (
				B384681D15D6B6C100780B6C /* NWLFilePrinter.h */,
				B384681E15D6B6C100780B6C /* NWLFilePrinter.m */,
				B384681F15D6B6C100780B6C /* NWLLineLogger.h */,
				B384682015D6B6C100780B6C /* NWLLineLogger.m */,
				B384682115D6B6C100780B6C /* NWLMultiLogger.h */,
				B384682215D6B6C100780B6C /* NWLMultiLogger.m */,
				B384682315D6B6C100780B6C /* NWLPrinter.h */,
				B384682515D6B6C100780B6C /* NWLTools.h */,
				B384682615D6B6C100780B6C /* NWLTools.m */,
				B34C32951CB31F8100329EE3 /* NWLAsl.h */,
				B34C32961CB31F8100329EE3 /* NWLAsl.c */,
			);
			path = Printers;
			sourceTree = "<group>";
		};
		B384682715D6B6C100780B6C /* UI */ = {
			isa = PBXGroup;
			children = (
				B384682815D6B6C100780B6C /* NWLLogViewController.h */,
				B384682915D6B6C100780B6C /* NWLLogViewController.m */,
				B332839115E4FAFF00B76F2B /* NWLLogView.h */,
				B332839215E4FAFF00B76F2B /* NWLLogView.m */,
			);
			path = UI;
			sourceTree = "<group>";
		};
		B384689A15D6BC7900780B6C /* Test */ = {
			isa = PBXGroup;
			children = (
				B384689B15D6BC7900780B6C /* Basic */,
				B384689D15D6BC7900780B6C /* Compatibility */,
				B38468A715D6BC7900780B6C /* NWLoggingTest-Info.plist */,
			);
			path = Test;
			sourceTree = "<group>";
		};
		B384689B15D6BC7900780B6C /* Basic */ = {
			isa = PBXGroup;
			children = (
				B384689C15D6BC7900780B6C /* NWLBasicTest.m */,
				B3B5316415FE8AF500A0BB0A /* NWLFilePrinterTest.m */,
				B3116F01161C2FC4006562E3 /* NWLNonTest.m */,
			);
			path = Basic;
			sourceTree = "<group>";
		};
		B384689D15D6BC7900780B6C /* Compatibility */ = {
			isa = PBXGroup;
			children = (
				B384689E15D6BC7900780B6C /* NWLCompatibilityTest.m */,
				B384689F15D6BC7900780B6C /* NWLCppTest.cpp */,
				B38468A015D6BC7900780B6C /* NWLCppTest.h */,
				B38468A115D6BC7900780B6C /* NWLCTest.c */,
				B38468A215D6BC7900780B6C /* NWLCTest.h */,
				B38468A315D6BC7900780B6C /* NWLObjectiveCppTest.h */,
				B38468A415D6BC7900780B6C /* NWLObjectiveCppTest.mm */,
				B38468A515D6BC7900780B6C /* NWLObjectiveCTest.h */,
				B38468A615D6BC7900780B6C /* NWLObjectiveCTest.m */,
			);
			path = Compatibility;
			sourceTree = "<group>";
		};
		B386180F16355532005C69BF /* Demo */ = {
			isa = PBXGroup;
			children = (
				B386182616355532005C69BF /* Views */,
				B386181016355532005C69BF /* Cocoa */,
				B386181816355532005C69BF /* Mac */,
				B386181A16355532005C69BF /* Touch */,
			);
			path = Demo;
			sourceTree = "<group>";
		};
		B386181016355532005C69BF /* Cocoa */ = {
			isa = PBXGroup;
			children = (
				B386181116355532005C69BF /* Icon.icns */,
				B386181216355532005C69BF /* main.m */,
				B386181316355532005C69BF /* MainMenu.xib */,
				B386181416355532005C69BF /* NWLAppDelegate.h */,
				B386181516355532005C69BF /* NWLAppDelegate.m */,
				B386181616355532005C69BF /* NWLoggingCocoaDemo-Info.plist */,
				B386181716355532005C69BF /* NWLoggingCocoaDemo-Prefix.pch */,
			);
			path = Cocoa;
			sourceTree = "<group>";
		};
		B386181816355532005C69BF /* Mac */ = {
			isa = PBXGroup;
			children = (
				B386181916355532005C69BF /* main.c */,
			);
			path = Mac;
			sourceTree = "<group>";
		};
		B386181A16355532005C69BF /* Touch */ = {
			isa = PBXGroup;
			children = (
				B386181B16355532005C69BF /* Default-568h@2x.png */,
				B386181C16355532005C69BF /* Icon-72.png */,
				B386181D16355532005C69BF /* Icon-72@2x.png */,
				B386181E16355532005C69BF /* Icon.png */,
				B386181F16355532005C69BF /* Icon@2x.png */,
				B386182016355532005C69BF /* Localizable.strings */,
				B386182116355532005C69BF /* main.m */,
				B386182216355532005C69BF /* NWLAppDelegate.h */,
				B386182316355532005C69BF /* NWLAppDelegate.m */,
				B386182416355532005C69BF /* NWLoggingTouchDemo-Info.plist */,
				B386182516355532005C69BF /* NWLoggingTouchDemo-Prefix.pch */,
			);
			path = Touch;
			sourceTree = "<group>";
		};
		B386182616355532005C69BF /* Views */ = {
			isa = PBXGroup;
			children = (
				B386182716355532005C69BF /* NWLIntroViewController.h */,
				B386182816355532005C69BF /* NWLIntroViewController.m */,
				B386182916355532005C69BF /* NWLMenuViewController.h */,
				B386182A16355532005C69BF /* NWLMenuViewController.m */,
				B386182B16355532005C69BF /* NWLPerformanceViewController.h */,
				B386182C16355532005C69BF /* NWLPerformanceViewController.m */,
				B386182D16355532005C69BF /* NWLPersistentViewController.h */,
				B386182E16355532005C69BF /* NWLPersistentViewController.m */,
			);
			path = Views;
			sourceTree = "<group>";
		};
/* End PBXGroup section */

/* Begin PBXHeadersBuildPhase section */
		B34EA6E615D4FFBA007B041F /* Headers */ = {
			isa = PBXHeadersBuildPhase;
			buildActionMask = 2147483647;
			files = (
				B384682A15D6B6C100780B6C /* NWLFilePrinter.h in Headers */,
				B384682C15D6B6C100780B6C /* NWLLineLogger.h in Headers */,
				B384682E15D6B6C100780B6C /* NWLMultiLogger.h in Headers */,
				B384683015D6B6C100780B6C /* NWLPrinter.h in Headers */,
				B384683215D6B6C100780B6C /* NWLTools.h in Headers */,
				B34C32971CB31F8100329EE3 /* NWLAsl.h in Headers */,
				B3B9C2A515D7D72B001483BA /* NWLogging.h in Headers */,
				B3B9C2A615D7D735001483BA /* NWLCore.h in Headers */,
				B38669C215FD109C00EF217C /* NWLLogView.h in Headers */,
				B362EEFD16285DBF00713E4F /* NWLLogViewController.h in Headers */,
			);
			runOnlyForDeploymentPostprocessing = 0;
		};
		B3B9C2A715D7D74C001483BA /* Headers */ = {
			isa = PBXHeadersBuildPhase;
			buildActionMask = 2147483647;
			files = (
				B3B9C2A815D7D767001483BA /* NWLCore.h in Headers */,
				B3B9C2A915D7D767001483BA /* NWLFilePrinter.h in Headers */,
				B3B9C2AA15D7D767001483BA /* NWLLineLogger.h in Headers */,
				B3B9C2AB15D7D767001483BA /* NWLMultiLogger.h in Headers */,
				B3B9C2AC15D7D767001483BA /* NWLPrinter.h in Headers */,
				B34C32981CB31F8100329EE3 /* NWLAsl.h in Headers */,
				B3B9C2AD15D7D767001483BA /* NWLTools.h in Headers */,
				B3B9C2AE15D7D767001483BA /* NWLLogViewController.h in Headers */,
				B3B9C2AF15D7D767001483BA /* NWLogging.h in Headers */,
				B332839315E4FAFF00B76F2B /* NWLLogView.h in Headers */,
			);
			runOnlyForDeploymentPostprocessing = 0;
		};
/* End PBXHeadersBuildPhase section */

/* Begin PBXNativeTarget section */
		B33A81DC1A121AA10020F853 /* NWLoggingTouchTest */ = {
			isa = PBXNativeTarget;
			buildConfigurationList = B33A81E61A121AA10020F853 /* Build configuration list for PBXNativeTarget "NWLoggingTouchTest" */;
			buildPhases = (
				B33A81D91A121AA10020F853 /* Sources */,
				B33A81DA1A121AA10020F853 /* Frameworks */,
				B33A81DB1A121AA10020F853 /* Resources */,
			);
			buildRules = (
			);
			dependencies = (
				B33A81E51A121AA10020F853 /* PBXTargetDependency */,
			);
			name = NWLoggingTouchTest;
			productName = NWLoggingTouchTest;
			productReference = B33A81DD1A121AA10020F853 /* NWLoggingTouchTest.xctest */;
			productType = "com.apple.product-type.bundle.unit-test";
		};
		B33A81EC1A121AAB0020F853 /* NWLoggingCocoaTest */ = {
			isa = PBXNativeTarget;
			buildConfigurationList = B33A81F61A121AAB0020F853 /* Build configuration list for PBXNativeTarget "NWLoggingCocoaTest" */;
			buildPhases = (
				B33A81E91A121AAB0020F853 /* Sources */,
				B33A81EA1A121AAB0020F853 /* Frameworks */,
				B33A81EB1A121AAB0020F853 /* Resources */,
			);
			buildRules = (
			);
			dependencies = (
				B33A81F51A121AAB0020F853 /* PBXTargetDependency */,
			);
			name = NWLoggingCocoaTest;
			productName = NWLoggingCocoaTest;
			productReference = B33A81ED1A121AAB0020F853 /* NWLoggingCocoaTest.xctest */;
			productType = "com.apple.product-type.bundle.unit-test";
		};
		B34EA6E715D4FFBA007B041F /* NWLoggingCocoaStatic */ = {
			isa = PBXNativeTarget;
			buildConfigurationList = B34EA6F715D4FFBA007B041F /* Build configuration list for PBXNativeTarget "NWLoggingCocoaStatic" */;
			buildPhases = (
				B34EA6E415D4FFBA007B041F /* Sources */,
				B34EA6E515D4FFBA007B041F /* Frameworks */,
				B34EA6E615D4FFBA007B041F /* Headers */,
			);
			buildRules = (
			);
			dependencies = (
			);
			name = NWLoggingCocoaStatic;
			productName = NWLoggingCocoaStatic;
			productReference = B34EA6E815D4FFBA007B041F /* libNWLogging.a */;
			productType = "com.apple.product-type.library.static";
		};
		B34EA6FD15D4FFEF007B041F /* NWLoggingMacDemo */ = {
			isa = PBXNativeTarget;
			buildConfigurationList = B34EA70515D4FFEF007B041F /* Build configuration list for PBXNativeTarget "NWLoggingMacDemo" */;
			buildPhases = (
				B34EA6FA15D4FFEF007B041F /* Sources */,
				B34EA6FB15D4FFEF007B041F /* Frameworks */,
				B34EA6FC15D4FFEF007B041F /* CopyFiles */,
			);
			buildRules = (
			);
			dependencies = (
				B39DC10015D6BEBF00374BE5 /* PBXTargetDependency */,
			);
			name = NWLoggingMacDemo;
			productName = NWLoggingMacDemo;
			productReference = B34EA6FE15D4FFEF007B041F /* NWLogging */;
			productType = "com.apple.product-type.tool";
		};
		B384684115D6BB8F00780B6C /* NWLoggingTouchStatic */ = {
			isa = PBXNativeTarget;
			buildConfigurationList = B384684C15D6BB8F00780B6C /* Build configuration list for PBXNativeTarget "NWLoggingTouchStatic" */;
			buildPhases = (
				B384683E15D6BB8F00780B6C /* Sources */,
				B384683F15D6BB8F00780B6C /* Frameworks */,
				B384684015D6BB8F00780B6C /* CopyFiles */,
				B3B9C2A715D7D74C001483BA /* Headers */,
			);
			buildRules = (
			);
			dependencies = (
			);
			name = NWLoggingTouchStatic;
			productName = NWLoggingTouchStatic;
			productReference = B384684215D6BB8F00780B6C /* libNWLogging.a */;
			productType = "com.apple.product-type.library.static";
		};
		B384685215D6BBC500780B6C /* NWLoggingTouchDemo */ = {
			isa = PBXNativeTarget;
			buildConfigurationList = B384686615D6BBC500780B6C /* Build configuration list for PBXNativeTarget "NWLoggingTouchDemo" */;
			buildPhases = (
				B384684F15D6BBC500780B6C /* Sources */,
				B384685015D6BBC500780B6C /* Frameworks */,
				B384685115D6BBC500780B6C /* Resources */,
			);
			buildRules = (
			);
			dependencies = (
				B39DC10715D7C3AB00374BE5 /* PBXTargetDependency */,
			);
			name = NWLoggingTouchDemo;
			productName = NWLoggingTouchDemo;
			productReference = B384685315D6BBC500780B6C /* NWLogging.app */;
			productType = "com.apple.product-type.application";
		};
		B386697715FD04B000EF217C /* NWLoggingCocoaDemo */ = {
			isa = PBXNativeTarget;
			buildConfigurationList = B386698F15FD04B100EF217C /* Build configuration list for PBXNativeTarget "NWLoggingCocoaDemo" */;
			buildPhases = (
				B386697415FD04B000EF217C /* Sources */,
				B386697515FD04B000EF217C /* Frameworks */,
				B386697615FD04B000EF217C /* Resources */,
			);
			buildRules = (
			);
			dependencies = (
				B38669A515FD061800EF217C /* PBXTargetDependency */,
			);
			name = NWLoggingCocoaDemo;
			productName = NWLoggingCocoaDemo;
			productReference = B386697815FD04B000EF217C /* NWLogging.app */;
			productType = "com.apple.product-type.application";
		};
/* End PBXNativeTarget section */

/* Begin PBXProject section */
		B34EA6CB15D4FDE4007B041F /* Project object */ = {
			isa = PBXProject;
			attributes = {
				CLASSPREFIX = NWL;
				LastTestingUpgradeCheck = 0610;
				LastUpgradeCheck = 0510;
				ORGANIZATIONNAME = noodlewerk;
				TargetAttributes = {
					B33A81DC1A121AA10020F853 = {
						CreatedOnToolsVersion = 6.1;
					};
					B33A81EC1A121AAB0020F853 = {
						CreatedOnToolsVersion = 6.1;
					};
					B384685215D6BBC500780B6C = {
						DevelopmentTeam = 44LKPPPVVQ;
					};
				};
			};
			buildConfigurationList = B34EA6CE15D4FDE4007B041F /* Build configuration list for PBXProject "NWLogging" */;
			compatibilityVersion = "Xcode 3.2";
			developmentRegion = English;
			hasScannedForEncodings = 0;
			knownRegions = (
				en,
			);
			mainGroup = B34EA6C915D4FDE4007B041F;
			productRefGroup = B34EA6E915D4FFBA007B041F /* Products */;
			projectDirPath = "";
			projectRoot = "";
			targets = (
				B34EA6E715D4FFBA007B041F /* NWLoggingCocoaStatic */,
				B384684115D6BB8F00780B6C /* NWLoggingTouchStatic */,
				B386697715FD04B000EF217C /* NWLoggingCocoaDemo */,
				B384685215D6BBC500780B6C /* NWLoggingTouchDemo */,
				B34EA6FD15D4FFEF007B041F /* NWLoggingMacDemo */,
				B33A81DC1A121AA10020F853 /* NWLoggingTouchTest */,
				B33A81EC1A121AAB0020F853 /* NWLoggingCocoaTest */,
				B3B9C2A015D7D59B001483BA /* NWLoggingUniversal */,
			);
		};
/* End PBXProject section */

/* Begin PBXResourcesBuildPhase section */
		B33A81DB1A121AA10020F853 /* Resources */ = {
			isa = PBXResourcesBuildPhase;
			buildActionMask = 2147483647;
			files = (
			);
			runOnlyForDeploymentPostprocessing = 0;
		};
		B33A81EB1A121AAB0020F853 /* Resources */ = {
			isa = PBXResourcesBuildPhase;
			buildActionMask = 2147483647;
			files = (
			);
			runOnlyForDeploymentPostprocessing = 0;
		};
		B384685115D6BBC500780B6C /* Resources */ = {
			isa = PBXResourcesBuildPhase;
			buildActionMask = 2147483647;
			files = (
				B38618341635554D005C69BF /* Default-568h@2x.png in Resources */,
				B38618351635554D005C69BF /* Icon-72.png in Resources */,
				B38618361635554D005C69BF /* Icon-72@2x.png in Resources */,
				B38618371635554D005C69BF /* Icon.png in Resources */,
				B38618381635554D005C69BF /* Icon@2x.png in Resources */,
				B38618391635554D005C69BF /* Localizable.strings in Resources */,
			);
			runOnlyForDeploymentPostprocessing = 0;
		};
		B386697615FD04B000EF217C /* Resources */ = {
			isa = PBXResourcesBuildPhase;
			buildActionMask = 2147483647;
			files = (
				B386182F1635553F005C69BF /* Icon.icns in Resources */,
				B38618311635553F005C69BF /* MainMenu.xib in Resources */,
			);
			runOnlyForDeploymentPostprocessing = 0;
		};
/* End PBXResourcesBuildPhase section */

/* Begin PBXShellScriptBuildPhase section */
		B3B9C2A415D7D5A9001483BA /* Build Cocoa Touch Static */ = {
			isa = PBXShellScriptBuildPhase;
			buildActionMask = 2147483647;
			files = (
			);
			inputPaths = (
			);
			name = "Build Cocoa Touch Static";
			outputPaths = (
			);
			runOnlyForDeploymentPostprocessing = 0;
			shellPath = /bin/sh;
			shellScript = "#set -e\n\nPROJECT=\"NWLogging\"\nTARGET_TOUCH=\"NWLoggingTouchStatic\"\nTARGET_COCOA=\"NWLoggingCocoaStatic\"\nHEADERS=\"usr/local/include\"\nPRODUCT=\"NWLogging\"\nOUTPUT=\"NWLogging\"\n\necho \"Remove previous\"\nrm -rf \"${SRCROOT}/build/$OUTPUT/\"\nrm -rf \"${SRCROOT}/build/$OUTPUT.framework/\"\n\necho \"Building iphoneos and iphonesimulator\"\nxcodebuild -project \"${SRCROOT}/$PROJECT.xcodeproj\" -target $TARGET_TOUCH -configuration Release -sdk iphoneos\nxcodebuild -project \"${SRCROOT}/$PROJECT.xcodeproj\" -target $TARGET_TOUCH -configuration Release -arch i386 -sdk iphonesimulator\nxcodebuild -project \"${SRCROOT}/$PROJECT.xcodeproj\" -target $TARGET_COCOA -configuration Release -arch x86_64 -sdk macosx\n\necho \"Lipoing things together\"\nmkdir \"${SRCROOT}/build/$OUTPUT\"\nlipo -create -output \"${SRCROOT}/build/$OUTPUT/lib$OUTPUT.a\" \"${SRCROOT}/build/Release/lib$PRODUCT.a\" \"${SRCROOT}/build/Release-iphoneos/lib$PRODUCT.a\" \"${SRCROOT}/build/Release-iphonesimulator/lib$PRODUCT.a\"\ncp -R \"${SRCROOT}/build/Release/$HEADERS\" \"${SRCROOT}/build/$OUTPUT/Headers\"\n\necho \"Create framework\"\nmkdir -p \"${SRCROOT}/build/$OUTPUT.framework/Versions/A\"\ncp -R \"${SRCROOT}/build/$OUTPUT/Headers\" \"${SRCROOT}/build/$OUTPUT.framework/Versions/A\"\ncp \"${SRCROOT}/build/$OUTPUT/lib$OUTPUT.a\" \"${SRCROOT}/build/$OUTPUT.framework/Versions/A/$OUTPUT\"\n\nln -s \"A\" \"${SRCROOT}/build/$OUTPUT.framework/Versions/Current\"\nln -s \"Versions/Current/Headers\" \"${SRCROOT}/build/$OUTPUT.framework/Headers\"\nln -s \"Versions/Current/$OUTPUT\" \"${SRCROOT}/build/$OUTPUT.framework/$OUTPUT\"\n\necho \"Cleaning up\"\nrm -rf \"${SRCROOT}/build/Release/\"\nrm -rf \"${SRCROOT}/build/Release-iphoneos/\"\nrm -rf \"${SRCROOT}/build/Release-iphonesimulator/\"\nrm -rf \"${SRCROOT}/build/$PROJECT.build/\"\n\necho \"Done\"\n";
		};
/* End PBXShellScriptBuildPhase section */

/* Begin PBXSourcesBuildPhase section */
		B33A81D91A121AA10020F853 /* Sources */ = {
			isa = PBXSourcesBuildPhase;
			buildActionMask = 2147483647;
			files = (
				B33A82021A121B050020F853 /* NWLObjectiveCppTest.mm in Sources */,
				B33A81FF1A121B050020F853 /* NWLCompatibilityTest.m in Sources */,
				B33A81FA1A121AFD0020F853 /* NWLFilePrinterTest.m in Sources */,
				B33A81FB1A121AFD0020F853 /* NWLNonTest.m in Sources */,
				B33A81F91A121AFD0020F853 /* NWLBasicTest.m in Sources */,
				B33A82031A121B050020F853 /* NWLObjectiveCTest.m in Sources */,
				B33A82001A121B050020F853 /* NWLCppTest.cpp in Sources */,
				B33A82011A121B050020F853 /* NWLCTest.c in Sources */,
			);
			runOnlyForDeploymentPostprocessing = 0;
		};
		B33A81E91A121AAB0020F853 /* Sources */ = {
			isa = PBXSourcesBuildPhase;
			buildActionMask = 2147483647;
			files = (
				B33A82071A121B050020F853 /* NWLObjectiveCppTest.mm in Sources */,
				B33A82041A121B050020F853 /* NWLCompatibilityTest.m in Sources */,
				B33A81FD1A121AFD0020F853 /* NWLFilePrinterTest.m in Sources */,
				B33A81FE1A121AFD0020F853 /* NWLNonTest.m in Sources */,
				B33A81FC1A121AFD0020F853 /* NWLBasicTest.m in Sources */,
				B33A82081A121B050020F853 /* NWLObjectiveCTest.m in Sources */,
				B33A82051A121B050020F853 /* NWLCppTest.cpp in Sources */,
				B33A82061A121B050020F853 /* NWLCTest.c in Sources */,
			);
			runOnlyForDeploymentPostprocessing = 0;
		};
		B34EA6E415D4FFBA007B041F /* Sources */ = {
			isa = PBXSourcesBuildPhase;
			buildActionMask = 2147483647;
			files = (
				B34EA70815D5007C007B041F /* NWLCore.c in Sources */,
				B38669A715FD064A00EF217C /* NWLTools.m in Sources */,
				B38669A815FD065D00EF217C /* NWLMultiLogger.m in Sources */,
				B38669A915FD06E700EF217C /* NWLLogView.m in Sources */,
				B34C32991CB31F8100329EE3 /* NWLAsl.c in Sources */,
				B38669AA15FD09D500EF217C /* NWLFilePrinter.m in Sources */,
				B38669AB15FD09DC00EF217C /* NWLLineLogger.m in Sources */,
			);
			runOnlyForDeploymentPostprocessing = 0;
		};
		B34EA6FA15D4FFEF007B041F /* Sources */ = {
			isa = PBXSourcesBuildPhase;
			buildActionMask = 2147483647;
			files = (
				B386183316355545005C69BF /* main.c in Sources */,
			);
			runOnlyForDeploymentPostprocessing = 0;
		};
		B384683E15D6BB8F00780B6C /* Sources */ = {
			isa = PBXSourcesBuildPhase;
			buildActionMask = 2147483647;
			files = (
				B39DC10C15D7C4FB00374BE5 /* NWLCore.c in Sources */,
				B39DC11215D7C51B00374BE5 /* NWLFilePrinter.m in Sources */,
				B34C329A1CB31F8100329EE3 /* NWLAsl.c in Sources */,
				B39DC11315D7C51B00374BE5 /* NWLLineLogger.m in Sources */,
				B39DC11415D7C51B00374BE5 /* NWLMultiLogger.m in Sources */,
				B39DC11615D7C51B00374BE5 /* NWLTools.m in Sources */,
				B39DC11715D7C52000374BE5 /* NWLLogViewController.m in Sources */,
				B332839415E4FAFF00B76F2B /* NWLLogView.m in Sources */,
			);
			runOnlyForDeploymentPostprocessing = 0;
		};
		B384684F15D6BBC500780B6C /* Sources */ = {
			isa = PBXSourcesBuildPhase;
			buildActionMask = 2147483647;
			files = (
				B386183A1635554D005C69BF /* main.m in Sources */,
				B386183B1635554D005C69BF /* NWLAppDelegate.m in Sources */,
				B386183C16355554005C69BF /* NWLIntroViewController.m in Sources */,
				B386183D16355554005C69BF /* NWLMenuViewController.m in Sources */,
				B386183E16355554005C69BF /* NWLPerformanceViewController.m in Sources */,
				B386183F16355554005C69BF /* NWLPersistentViewController.m in Sources */,
			);
			runOnlyForDeploymentPostprocessing = 0;
		};
		B386697415FD04B000EF217C /* Sources */ = {
			isa = PBXSourcesBuildPhase;
			buildActionMask = 2147483647;
			files = (
				B38618301635553F005C69BF /* main.m in Sources */,
				B38618321635553F005C69BF /* NWLAppDelegate.m in Sources */,
			);
			runOnlyForDeploymentPostprocessing = 0;
		};
/* End PBXSourcesBuildPhase section */

/* Begin PBXTargetDependency section */
		B33A81E51A121AA10020F853 /* PBXTargetDependency */ = {
			isa = PBXTargetDependency;
			target = B34EA6E715D4FFBA007B041F /* NWLoggingCocoaStatic */;
			targetProxy = B33A81E41A121AA10020F853 /* PBXContainerItemProxy */;
		};
		B33A81F51A121AAB0020F853 /* PBXTargetDependency */ = {
			isa = PBXTargetDependency;
			target = B34EA6E715D4FFBA007B041F /* NWLoggingCocoaStatic */;
			targetProxy = B33A81F41A121AAB0020F853 /* PBXContainerItemProxy */;
		};
		B38669A515FD061800EF217C /* PBXTargetDependency */ = {
			isa = PBXTargetDependency;
			target = B34EA6E715D4FFBA007B041F /* NWLoggingCocoaStatic */;
			targetProxy = B38669A415FD061800EF217C /* PBXContainerItemProxy */;
		};
		B39DC10015D6BEBF00374BE5 /* PBXTargetDependency */ = {
			isa = PBXTargetDependency;
			target = B34EA6E715D4FFBA007B041F /* NWLoggingCocoaStatic */;
			targetProxy = B39DC0FF15D6BEBF00374BE5 /* PBXContainerItemProxy */;
		};
		B39DC10715D7C3AB00374BE5 /* PBXTargetDependency */ = {
			isa = PBXTargetDependency;
			target = B384684115D6BB8F00780B6C /* NWLoggingTouchStatic */;
			targetProxy = B39DC10615D7C3AB00374BE5 /* PBXContainerItemProxy */;
		};
/* End PBXTargetDependency section */

/* Begin XCBuildConfiguration section */
		B33A81E71A121AA10020F853 /* Debug */ = {
			isa = XCBuildConfiguration;
			buildSettings = {
				ALWAYS_SEARCH_USER_PATHS = NO;
				CLANG_CXX_LANGUAGE_STANDARD = "gnu++0x";
				CLANG_CXX_LIBRARY = "libc++";
				CLANG_ENABLE_MODULES = YES;
				CLANG_ENABLE_OBJC_ARC = YES;
				CLANG_WARN_BOOL_CONVERSION = YES;
				CLANG_WARN_CONSTANT_CONVERSION = YES;
				CLANG_WARN_DIRECT_OBJC_ISA_USAGE = YES_ERROR;
				CLANG_WARN_EMPTY_BODY = YES;
				CLANG_WARN_ENUM_CONVERSION = YES;
				CLANG_WARN_INT_CONVERSION = YES;
				CLANG_WARN_OBJC_ROOT_CLASS = YES_ERROR;
				CLANG_WARN_UNREACHABLE_CODE = YES;
				CLANG_WARN__DUPLICATE_METHOD_MATCH = YES;
				COPY_PHASE_STRIP = NO;
				ENABLE_STRICT_OBJC_MSGSEND = YES;
				FRAMEWORK_SEARCH_PATHS = (
					"$(SDKROOT)/Developer/Library/Frameworks",
					"$(inherited)",
				);
				GCC_C_LANGUAGE_STANDARD = gnu99;
				GCC_DYNAMIC_NO_PIC = NO;
				GCC_OPTIMIZATION_LEVEL = 0;
				GCC_PREPROCESSOR_DEFINITIONS = (
					"DEBUG=1",
					"NWL_LIB=NWLoggingTest",
					"$(inherited)",
				);
				GCC_SYMBOLS_PRIVATE_EXTERN = NO;
				GCC_WARN_64_TO_32_BIT_CONVERSION = YES;
				GCC_WARN_ABOUT_RETURN_TYPE = YES_ERROR;
				GCC_WARN_UNDECLARED_SELECTOR = YES;
				GCC_WARN_UNINITIALIZED_AUTOS = YES_AGGRESSIVE;
				GCC_WARN_UNUSED_FUNCTION = YES;
				GCC_WARN_UNUSED_VARIABLE = YES;
				INFOPLIST_FILE = "Test/NWLoggingTest-Info.plist";
				IPHONEOS_DEPLOYMENT_TARGET = 8.1;
				LD_RUNPATH_SEARCH_PATHS = "$(inherited) @executable_path/Frameworks @loader_path/Frameworks";
				MTL_ENABLE_DEBUG_INFO = YES;
				PRODUCT_NAME = "$(TARGET_NAME)";
				SDKROOT = iphoneos;
			};
			name = Debug;
		};
		B33A81E81A121AA10020F853 /* Release */ = {
			isa = XCBuildConfiguration;
			buildSettings = {
				ALWAYS_SEARCH_USER_PATHS = NO;
				CLANG_CXX_LANGUAGE_STANDARD = "gnu++0x";
				CLANG_CXX_LIBRARY = "libc++";
				CLANG_ENABLE_MODULES = YES;
				CLANG_ENABLE_OBJC_ARC = YES;
				CLANG_WARN_BOOL_CONVERSION = YES;
				CLANG_WARN_CONSTANT_CONVERSION = YES;
				CLANG_WARN_DIRECT_OBJC_ISA_USAGE = YES_ERROR;
				CLANG_WARN_EMPTY_BODY = YES;
				CLANG_WARN_ENUM_CONVERSION = YES;
				CLANG_WARN_INT_CONVERSION = YES;
				CLANG_WARN_OBJC_ROOT_CLASS = YES_ERROR;
				CLANG_WARN_UNREACHABLE_CODE = YES;
				CLANG_WARN__DUPLICATE_METHOD_MATCH = YES;
				COPY_PHASE_STRIP = YES;
				ENABLE_NS_ASSERTIONS = NO;
				ENABLE_STRICT_OBJC_MSGSEND = YES;
				FRAMEWORK_SEARCH_PATHS = (
					"$(SDKROOT)/Developer/Library/Frameworks",
					"$(inherited)",
				);
				GCC_C_LANGUAGE_STANDARD = gnu99;
				GCC_WARN_64_TO_32_BIT_CONVERSION = YES;
				GCC_WARN_ABOUT_RETURN_TYPE = YES_ERROR;
				GCC_WARN_UNDECLARED_SELECTOR = YES;
				GCC_WARN_UNINITIALIZED_AUTOS = YES_AGGRESSIVE;
				GCC_WARN_UNUSED_FUNCTION = YES;
				GCC_WARN_UNUSED_VARIABLE = YES;
				INFOPLIST_FILE = "Test/NWLoggingTest-Info.plist";
				IPHONEOS_DEPLOYMENT_TARGET = 8.1;
				LD_RUNPATH_SEARCH_PATHS = "$(inherited) @executable_path/Frameworks @loader_path/Frameworks";
				MTL_ENABLE_DEBUG_INFO = NO;
				PRODUCT_NAME = "$(TARGET_NAME)";
				SDKROOT = iphoneos;
				VALIDATE_PRODUCT = YES;
			};
			name = Release;
		};
		B33A81F71A121AAB0020F853 /* Debug */ = {
			isa = XCBuildConfiguration;
			buildSettings = {
				ALWAYS_SEARCH_USER_PATHS = NO;
				CLANG_CXX_LANGUAGE_STANDARD = "gnu++0x";
				CLANG_CXX_LIBRARY = "libc++";
				CLANG_ENABLE_MODULES = YES;
				CLANG_ENABLE_OBJC_ARC = YES;
				CLANG_WARN_BOOL_CONVERSION = YES;
				CLANG_WARN_CONSTANT_CONVERSION = YES;
				CLANG_WARN_DIRECT_OBJC_ISA_USAGE = YES_ERROR;
				CLANG_WARN_EMPTY_BODY = YES;
				CLANG_WARN_ENUM_CONVERSION = YES;
				CLANG_WARN_INT_CONVERSION = YES;
				CLANG_WARN_OBJC_ROOT_CLASS = YES_ERROR;
				CLANG_WARN_UNREACHABLE_CODE = YES;
				CLANG_WARN__DUPLICATE_METHOD_MATCH = YES;
				COMBINE_HIDPI_IMAGES = YES;
				COPY_PHASE_STRIP = NO;
				ENABLE_STRICT_OBJC_MSGSEND = YES;
				FRAMEWORK_SEARCH_PATHS = (
					"$(DEVELOPER_FRAMEWORKS_DIR)",
					"$(inherited)",
				);
				GCC_C_LANGUAGE_STANDARD = gnu99;
				GCC_DYNAMIC_NO_PIC = NO;
				GCC_OPTIMIZATION_LEVEL = 0;
				GCC_PREPROCESSOR_DEFINITIONS = (
					"DEBUG=1",
					"NWL_LIB=NWLoggingTest",
					"$(inherited)",
				);
				GCC_SYMBOLS_PRIVATE_EXTERN = NO;
				GCC_WARN_64_TO_32_BIT_CONVERSION = YES;
				GCC_WARN_ABOUT_RETURN_TYPE = YES_ERROR;
				GCC_WARN_UNDECLARED_SELECTOR = YES;
				GCC_WARN_UNINITIALIZED_AUTOS = YES_AGGRESSIVE;
				GCC_WARN_UNUSED_FUNCTION = YES;
				GCC_WARN_UNUSED_VARIABLE = YES;
				INFOPLIST_FILE = "Test/NWLoggingTest-Info.plist";
				LD_RUNPATH_SEARCH_PATHS = "$(inherited) @executable_path/../Frameworks @loader_path/../Frameworks";
				MACOSX_DEPLOYMENT_TARGET = 10.10;
				MTL_ENABLE_DEBUG_INFO = YES;
				PRODUCT_NAME = "$(TARGET_NAME)";
				SDKROOT = macosx;
			};
			name = Debug;
		};
		B33A81F81A121AAB0020F853 /* Release */ = {
			isa = XCBuildConfiguration;
			buildSettings = {
				ALWAYS_SEARCH_USER_PATHS = NO;
				CLANG_CXX_LANGUAGE_STANDARD = "gnu++0x";
				CLANG_CXX_LIBRARY = "libc++";
				CLANG_ENABLE_MODULES = YES;
				CLANG_ENABLE_OBJC_ARC = YES;
				CLANG_WARN_BOOL_CONVERSION = YES;
				CLANG_WARN_CONSTANT_CONVERSION = YES;
				CLANG_WARN_DIRECT_OBJC_ISA_USAGE = YES_ERROR;
				CLANG_WARN_EMPTY_BODY = YES;
				CLANG_WARN_ENUM_CONVERSION = YES;
				CLANG_WARN_INT_CONVERSION = YES;
				CLANG_WARN_OBJC_ROOT_CLASS = YES_ERROR;
				CLANG_WARN_UNREACHABLE_CODE = YES;
				CLANG_WARN__DUPLICATE_METHOD_MATCH = YES;
				COMBINE_HIDPI_IMAGES = YES;
				COPY_PHASE_STRIP = YES;
				DEBUG_INFORMATION_FORMAT = "dwarf-with-dsym";
				ENABLE_NS_ASSERTIONS = NO;
				ENABLE_STRICT_OBJC_MSGSEND = YES;
				FRAMEWORK_SEARCH_PATHS = (
					"$(DEVELOPER_FRAMEWORKS_DIR)",
					"$(inherited)",
				);
				GCC_C_LANGUAGE_STANDARD = gnu99;
				GCC_WARN_64_TO_32_BIT_CONVERSION = YES;
				GCC_WARN_ABOUT_RETURN_TYPE = YES_ERROR;
				GCC_WARN_UNDECLARED_SELECTOR = YES;
				GCC_WARN_UNINITIALIZED_AUTOS = YES_AGGRESSIVE;
				GCC_WARN_UNUSED_FUNCTION = YES;
				GCC_WARN_UNUSED_VARIABLE = YES;
				INFOPLIST_FILE = "Test/NWLoggingTest-Info.plist";
				LD_RUNPATH_SEARCH_PATHS = "$(inherited) @executable_path/../Frameworks @loader_path/../Frameworks";
				MACOSX_DEPLOYMENT_TARGET = 10.10;
				MTL_ENABLE_DEBUG_INFO = NO;
				PRODUCT_NAME = "$(TARGET_NAME)";
				SDKROOT = macosx;
			};
			name = Release;
		};
		B34EA6D015D4FDE4007B041F /* Debug */ = {
			isa = XCBuildConfiguration;
			buildSettings = {
				FRAMEWORK_SEARCH_PATHS = "\"$(SYSTEM_APPS_DIR)/Xcode.app/Contents/Developer/Library/Frameworks\"";
				HEADER_SEARCH_PATHS = "\"$(CONFIGURATION_BUILD_DIR)/usr/local/include\"";
				ONLY_ACTIVE_ARCH = YES;
			};
			name = Debug;
		};
		B34EA6D115D4FDE4007B041F /* Release */ = {
			isa = XCBuildConfiguration;
			buildSettings = {
				FRAMEWORK_SEARCH_PATHS = "\"$(SYSTEM_APPS_DIR)/Xcode.app/Contents/Developer/Library/Frameworks\"";
				HEADER_SEARCH_PATHS = "\"$(CONFIGURATION_BUILD_DIR)/usr/local/include\"";
			};
			name = Release;
		};
		B34EA6F815D4FFBA007B041F /* Debug */ = {
			isa = XCBuildConfiguration;
			buildSettings = {
				ALWAYS_SEARCH_USER_PATHS = NO;
				CLANG_CXX_LANGUAGE_STANDARD = "gnu++0x";
				CLANG_ENABLE_OBJC_ARC = YES;
				CLANG_WARN__DUPLICATE_METHOD_MATCH = YES;
				COMBINE_HIDPI_IMAGES = YES;
				COPY_PHASE_STRIP = NO;
				GCC_C_LANGUAGE_STANDARD = gnu99;
				GCC_DYNAMIC_NO_PIC = NO;
				GCC_ENABLE_OBJC_EXCEPTIONS = YES;
				GCC_OPTIMIZATION_LEVEL = 0;
				GCC_PRECOMPILE_PREFIX_HEADER = YES;
				GCC_PREPROCESSOR_DEFINITIONS = (
					"DEBUG=1",
					"NWL_LIB=NWLStatic",
					"$(inherited)",
				);
				GCC_SYMBOLS_PRIVATE_EXTERN = NO;
				GCC_WARN_64_TO_32_BIT_CONVERSION = YES;
				GCC_WARN_ABOUT_RETURN_TYPE = YES;
				GCC_WARN_UNINITIALIZED_AUTOS = YES;
				GCC_WARN_UNUSED_VARIABLE = YES;
				MACOSX_DEPLOYMENT_TARGET = 10.8;
				OTHER_LDFLAGS = "-ObjC";
				PRODUCT_NAME = NWLogging;
				SDKROOT = macosx;
				STRIP_STYLE = "non-global";
			};
			name = Debug;
		};
		B34EA6F915D4FFBA007B041F /* Release */ = {
			isa = XCBuildConfiguration;
			buildSettings = {
				ALWAYS_SEARCH_USER_PATHS = NO;
				CLANG_CXX_LANGUAGE_STANDARD = "gnu++0x";
				CLANG_ENABLE_OBJC_ARC = YES;
				CLANG_WARN__DUPLICATE_METHOD_MATCH = YES;
				COMBINE_HIDPI_IMAGES = YES;
				COPY_PHASE_STRIP = NO;
				DEBUG_INFORMATION_FORMAT = "dwarf-with-dsym";
				GCC_C_LANGUAGE_STANDARD = gnu99;
				GCC_ENABLE_OBJC_EXCEPTIONS = YES;
				GCC_PRECOMPILE_PREFIX_HEADER = YES;
				GCC_WARN_64_TO_32_BIT_CONVERSION = YES;
				GCC_WARN_ABOUT_RETURN_TYPE = YES;
				GCC_WARN_UNINITIALIZED_AUTOS = YES;
				GCC_WARN_UNUSED_VARIABLE = YES;
				MACOSX_DEPLOYMENT_TARGET = 10.8;
				OTHER_LDFLAGS = "-ObjC";
				PRODUCT_NAME = NWLogging;
				SDKROOT = macosx;
				STRIP_STYLE = "non-global";
			};
			name = Release;
		};
		B34EA70615D4FFEF007B041F /* Debug */ = {
			isa = XCBuildConfiguration;
			buildSettings = {
				ALWAYS_SEARCH_USER_PATHS = NO;
				CLANG_CXX_LANGUAGE_STANDARD = "gnu++0x";
				CLANG_ENABLE_OBJC_ARC = YES;
				CLANG_WARN__DUPLICATE_METHOD_MATCH = YES;
				COPY_PHASE_STRIP = NO;
				GCC_C_LANGUAGE_STANDARD = gnu99;
				GCC_DYNAMIC_NO_PIC = NO;
				GCC_ENABLE_OBJC_EXCEPTIONS = YES;
				GCC_OPTIMIZATION_LEVEL = 0;
				GCC_PREPROCESSOR_DEFINITIONS = (
					"DEBUG=1",
					"NWL_LIB=NWLDemo",
					"$(inherited)",
				);
				GCC_SYMBOLS_PRIVATE_EXTERN = NO;
				GCC_WARN_64_TO_32_BIT_CONVERSION = YES;
				GCC_WARN_ABOUT_RETURN_TYPE = YES;
				GCC_WARN_UNINITIALIZED_AUTOS = YES;
				GCC_WARN_UNUSED_VARIABLE = YES;
				MACOSX_DEPLOYMENT_TARGET = 10.7;
				ONLY_ACTIVE_ARCH = YES;
				PRODUCT_NAME = NWLogging;
				SDKROOT = macosx;
			};
			name = Debug;
		};
		B34EA70715D4FFEF007B041F /* Release */ = {
			isa = XCBuildConfiguration;
			buildSettings = {
				ALWAYS_SEARCH_USER_PATHS = NO;
				CLANG_CXX_LANGUAGE_STANDARD = "gnu++0x";
				CLANG_ENABLE_OBJC_ARC = YES;
				CLANG_WARN__DUPLICATE_METHOD_MATCH = YES;
				COPY_PHASE_STRIP = YES;
				DEBUG_INFORMATION_FORMAT = "dwarf-with-dsym";
				GCC_C_LANGUAGE_STANDARD = gnu99;
				GCC_ENABLE_OBJC_EXCEPTIONS = YES;
				GCC_PREPROCESSOR_DEFINITIONS = (
					"NWL_LIB=NWLDemo",
					"$(inherited)",
				);
				GCC_WARN_64_TO_32_BIT_CONVERSION = YES;
				GCC_WARN_ABOUT_RETURN_TYPE = YES;
				GCC_WARN_UNINITIALIZED_AUTOS = YES;
				GCC_WARN_UNUSED_VARIABLE = YES;
				MACOSX_DEPLOYMENT_TARGET = 10.7;
				PRODUCT_NAME = NWLogging;
				SDKROOT = macosx;
			};
			name = Release;
		};
		B384684D15D6BB8F00780B6C /* Debug */ = {
			isa = XCBuildConfiguration;
			buildSettings = {
				ALWAYS_SEARCH_USER_PATHS = NO;
				CLANG_CXX_LANGUAGE_STANDARD = "gnu++0x";
				CLANG_ENABLE_OBJC_ARC = YES;
				CLANG_WARN__DUPLICATE_METHOD_MATCH = YES;
				COPY_PHASE_STRIP = NO;
				DEAD_CODE_STRIPPING = NO;
				DSTROOT = /tmp/NWLoggingTouchStatic.dst;
				GCC_C_LANGUAGE_STANDARD = gnu99;
				GCC_DYNAMIC_NO_PIC = NO;
				GCC_OPTIMIZATION_LEVEL = 0;
				GCC_PRECOMPILE_PREFIX_HEADER = YES;
				GCC_PREPROCESSOR_DEFINITIONS = (
					"DEBUG=1",
					"NWL_LIB=NWLStatic",
					"$(inherited)",
				);
				GCC_SYMBOLS_PRIVATE_EXTERN = NO;
				GCC_THUMB_SUPPORT = NO;
				GCC_VERSION = com.apple.compilers.llvm.clang.1_0;
				GCC_WARN_ABOUT_RETURN_TYPE = YES;
				GCC_WARN_UNINITIALIZED_AUTOS = YES;
				GCC_WARN_UNUSED_VARIABLE = YES;
				IPHONEOS_DEPLOYMENT_TARGET = 6.0;
				OTHER_LDFLAGS = "-ObjC";
				PRODUCT_NAME = NWLogging;
				SDKROOT = iphoneos;
				SKIP_INSTALL = YES;
				STRIP_STYLE = "non-global";
			};
			name = Debug;
		};
		B384684E15D6BB8F00780B6C /* Release */ = {
			isa = XCBuildConfiguration;
			buildSettings = {
				ALWAYS_SEARCH_USER_PATHS = NO;
				CLANG_CXX_LANGUAGE_STANDARD = "gnu++0x";
				CLANG_ENABLE_OBJC_ARC = YES;
				CLANG_WARN__DUPLICATE_METHOD_MATCH = YES;
				COPY_PHASE_STRIP = NO;
				DEAD_CODE_STRIPPING = NO;
				DSTROOT = /tmp/NWLoggingTouchStatic.dst;
				GCC_C_LANGUAGE_STANDARD = gnu99;
				GCC_PRECOMPILE_PREFIX_HEADER = YES;
				GCC_THUMB_SUPPORT = NO;
				GCC_VERSION = com.apple.compilers.llvm.clang.1_0;
				GCC_WARN_ABOUT_RETURN_TYPE = YES;
				GCC_WARN_UNINITIALIZED_AUTOS = YES;
				GCC_WARN_UNUSED_VARIABLE = YES;
				IPHONEOS_DEPLOYMENT_TARGET = 6.0;
				OTHER_LDFLAGS = "-ObjC";
				PRODUCT_NAME = NWLogging;
				SDKROOT = iphoneos;
				SKIP_INSTALL = YES;
				STRIP_STYLE = "non-global";
				VALIDATE_PRODUCT = YES;
			};
			name = Release;
		};
		B384686715D6BBC500780B6C /* Debug */ = {
			isa = XCBuildConfiguration;
			buildSettings = {
				ALWAYS_SEARCH_USER_PATHS = NO;
				CLANG_CXX_LANGUAGE_STANDARD = "gnu++0x";
				CLANG_ENABLE_OBJC_ARC = YES;
				CLANG_WARN__DUPLICATE_METHOD_MATCH = YES;
				"CODE_SIGN_IDENTITY[sdk=iphoneos*]" = "iPhone Developer";
				COPY_PHASE_STRIP = NO;
				GCC_C_LANGUAGE_STANDARD = gnu99;
				GCC_DYNAMIC_NO_PIC = NO;
				GCC_OPTIMIZATION_LEVEL = 0;
				GCC_PRECOMPILE_PREFIX_HEADER = YES;
				GCC_PREFIX_HEADER = "Demo/Touch/NWLoggingTouchDemo-Prefix.pch";
				GCC_PREPROCESSOR_DEFINITIONS = (
					"DEBUG=1",
					"NWL_LIB=NWLDemo",
					"$(inherited)",
				);
				GCC_SYMBOLS_PRIVATE_EXTERN = NO;
				GCC_THUMB_SUPPORT = NO;
				GCC_VERSION = com.apple.compilers.llvm.clang.1_0;
				GCC_WARN_ABOUT_RETURN_TYPE = YES;
				GCC_WARN_UNINITIALIZED_AUTOS = YES;
				GCC_WARN_UNUSED_VARIABLE = YES;
				INFOPLIST_FILE = "Demo/Touch/NWLoggingTouchDemo-Info.plist";
				IPHONEOS_DEPLOYMENT_TARGET = 4.3;
				PRODUCT_NAME = NWLogging;
				SDKROOT = iphoneos;
				TARGETED_DEVICE_FAMILY = "1,2";
				WRAPPER_EXTENSION = app;
			};
			name = Debug;
		};
		B384686815D6BBC500780B6C /* Release */ = {
			isa = XCBuildConfiguration;
			buildSettings = {
				ALWAYS_SEARCH_USER_PATHS = NO;
				CLANG_CXX_LANGUAGE_STANDARD = "gnu++0x";
				CLANG_ENABLE_OBJC_ARC = YES;
				CLANG_WARN__DUPLICATE_METHOD_MATCH = YES;
				"CODE_SIGN_IDENTITY[sdk=iphoneos*]" = "iPhone Developer";
				COPY_PHASE_STRIP = YES;
				GCC_C_LANGUAGE_STANDARD = gnu99;
				GCC_PRECOMPILE_PREFIX_HEADER = YES;
				GCC_PREFIX_HEADER = "Demo/Touch/NWLoggingTouchDemo-Prefix.pch";
				GCC_PREPROCESSOR_DEFINITIONS = (
					"NWL_LIB=NWLDemo",
					"$(inherited)",
				);
				GCC_THUMB_SUPPORT = NO;
				GCC_VERSION = com.apple.compilers.llvm.clang.1_0;
				GCC_WARN_ABOUT_RETURN_TYPE = YES;
				GCC_WARN_UNINITIALIZED_AUTOS = YES;
				GCC_WARN_UNUSED_VARIABLE = YES;
				INFOPLIST_FILE = "Demo/Touch/NWLoggingTouchDemo-Info.plist";
				IPHONEOS_DEPLOYMENT_TARGET = 4.3;
				OTHER_CFLAGS = "-DNS_BLOCK_ASSERTIONS=1";
				PRODUCT_NAME = NWLogging;
				SDKROOT = iphoneos;
				TARGETED_DEVICE_FAMILY = "1,2";
				VALIDATE_PRODUCT = YES;
				WRAPPER_EXTENSION = app;
			};
			name = Release;
		};
		B386698D15FD04B100EF217C /* Debug */ = {
			isa = XCBuildConfiguration;
			buildSettings = {
				ALWAYS_SEARCH_USER_PATHS = NO;
				CLANG_CXX_LANGUAGE_STANDARD = "gnu++0x";
				CLANG_ENABLE_OBJC_ARC = YES;
				CLANG_WARN__DUPLICATE_METHOD_MATCH = YES;
				COMBINE_HIDPI_IMAGES = YES;
				COPY_PHASE_STRIP = NO;
				GCC_C_LANGUAGE_STANDARD = gnu99;
				GCC_DYNAMIC_NO_PIC = NO;
				GCC_ENABLE_OBJC_EXCEPTIONS = YES;
				GCC_OPTIMIZATION_LEVEL = 0;
				GCC_PRECOMPILE_PREFIX_HEADER = YES;
				GCC_PREFIX_HEADER = "Demo/Cocoa/NWLoggingCocoaDemo-Prefix.pch";
				GCC_PREPROCESSOR_DEFINITIONS = (
					"DEBUG=1",
					"NWL_LIB=NWLDemo",
					"$(inherited)",
				);
				GCC_SYMBOLS_PRIVATE_EXTERN = NO;
				GCC_WARN_64_TO_32_BIT_CONVERSION = YES;
				GCC_WARN_ABOUT_RETURN_TYPE = YES;
				GCC_WARN_UNINITIALIZED_AUTOS = YES;
				GCC_WARN_UNUSED_VARIABLE = YES;
				INFOPLIST_FILE = "Demo/Cocoa/NWLoggingCocoaDemo-Info.plist";
				MACOSX_DEPLOYMENT_TARGET = 10.7;
				ONLY_ACTIVE_ARCH = YES;
				PRODUCT_NAME = NWLogging;
				SDKROOT = macosx;
				WRAPPER_EXTENSION = app;
			};
			name = Debug;
		};
		B386698E15FD04B100EF217C /* Release */ = {
			isa = XCBuildConfiguration;
			buildSettings = {
				ALWAYS_SEARCH_USER_PATHS = NO;
				CLANG_CXX_LANGUAGE_STANDARD = "gnu++0x";
				CLANG_ENABLE_OBJC_ARC = YES;
				CLANG_WARN__DUPLICATE_METHOD_MATCH = YES;
				COMBINE_HIDPI_IMAGES = YES;
				COPY_PHASE_STRIP = YES;
				DEBUG_INFORMATION_FORMAT = "dwarf-with-dsym";
				GCC_C_LANGUAGE_STANDARD = gnu99;
				GCC_ENABLE_OBJC_EXCEPTIONS = YES;
				GCC_PRECOMPILE_PREFIX_HEADER = YES;
				GCC_PREFIX_HEADER = "Demo/Cocoa/NWLoggingCocoaDemo-Prefix.pch";
				GCC_PREPROCESSOR_DEFINITIONS = (
					"NWL_LIB=NWLDemo",
					"$(inherited)",
				);
				GCC_WARN_64_TO_32_BIT_CONVERSION = YES;
				GCC_WARN_ABOUT_RETURN_TYPE = YES;
				GCC_WARN_UNINITIALIZED_AUTOS = YES;
				GCC_WARN_UNUSED_VARIABLE = YES;
				INFOPLIST_FILE = "Demo/Cocoa/NWLoggingCocoaDemo-Info.plist";
				MACOSX_DEPLOYMENT_TARGET = 10.7;
				PRODUCT_NAME = NWLogging;
				SDKROOT = macosx;
				WRAPPER_EXTENSION = app;
			};
			name = Release;
		};
		B3B9C2A215D7D59B001483BA /* Debug */ = {
			isa = XCBuildConfiguration;
			buildSettings = {
				COMBINE_HIDPI_IMAGES = YES;
				PRODUCT_NAME = "$(TARGET_NAME)";
			};
			name = Debug;
		};
		B3B9C2A315D7D59B001483BA /* Release */ = {
			isa = XCBuildConfiguration;
			buildSettings = {
				COMBINE_HIDPI_IMAGES = YES;
				PRODUCT_NAME = "$(TARGET_NAME)";
			};
			name = Release;
		};
/* End XCBuildConfiguration section */

/* Begin XCConfigurationList section */
		B33A81E61A121AA10020F853 /* Build configuration list for PBXNativeTarget "NWLoggingTouchTest" */ = {
			isa = XCConfigurationList;
			buildConfigurations = (
				B33A81E71A121AA10020F853 /* Debug */,
				B33A81E81A121AA10020F853 /* Release */,
			);
			defaultConfigurationIsVisible = 0;
		};
		B33A81F61A121AAB0020F853 /* Build configuration list for PBXNativeTarget "NWLoggingCocoaTest" */ = {
			isa = XCConfigurationList;
			buildConfigurations = (
				B33A81F71A121AAB0020F853 /* Debug */,
				B33A81F81A121AAB0020F853 /* Release */,
			);
			defaultConfigurationIsVisible = 0;
		};
		B34EA6CE15D4FDE4007B041F /* Build configuration list for PBXProject "NWLogging" */ = {
			isa = XCConfigurationList;
			buildConfigurations = (
				B34EA6D015D4FDE4007B041F /* Debug */,
				B34EA6D115D4FDE4007B041F /* Release */,
			);
			defaultConfigurationIsVisible = 0;
			defaultConfigurationName = Release;
		};
		B34EA6F715D4FFBA007B041F /* Build configuration list for PBXNativeTarget "NWLoggingCocoaStatic" */ = {
			isa = XCConfigurationList;
			buildConfigurations = (
				B34EA6F815D4FFBA007B041F /* Debug */,
				B34EA6F915D4FFBA007B041F /* Release */,
			);
			defaultConfigurationIsVisible = 0;
			defaultConfigurationName = Release;
		};
		B34EA70515D4FFEF007B041F /* Build configuration list for PBXNativeTarget "NWLoggingMacDemo" */ = {
			isa = XCConfigurationList;
			buildConfigurations = (
				B34EA70615D4FFEF007B041F /* Debug */,
				B34EA70715D4FFEF007B041F /* Release */,
			);
			defaultConfigurationIsVisible = 0;
			defaultConfigurationName = Release;
		};
		B384684C15D6BB8F00780B6C /* Build configuration list for PBXNativeTarget "NWLoggingTouchStatic" */ = {
			isa = XCConfigurationList;
			buildConfigurations = (
				B384684D15D6BB8F00780B6C /* Debug */,
				B384684E15D6BB8F00780B6C /* Release */,
			);
			defaultConfigurationIsVisible = 0;
			defaultConfigurationName = Release;
		};
		B384686615D6BBC500780B6C /* Build configuration list for PBXNativeTarget "NWLoggingTouchDemo" */ = {
			isa = XCConfigurationList;
			buildConfigurations = (
				B384686715D6BBC500780B6C /* Debug */,
				B384686815D6BBC500780B6C /* Release */,
			);
			defaultConfigurationIsVisible = 0;
			defaultConfigurationName = Release;
		};
		B386698F15FD04B100EF217C /* Build configuration list for PBXNativeTarget "NWLoggingCocoaDemo" */ = {
			isa = XCConfigurationList;
			buildConfigurations = (
				B386698D15FD04B100EF217C /* Debug */,
				B386698E15FD04B100EF217C /* Release */,
			);
			defaultConfigurationIsVisible = 0;
			defaultConfigurationName = Release;
		};
		B3B9C2A115D7D59B001483BA /* Build configuration list for PBXAggregateTarget "NWLoggingUniversal" */ = {
			isa = XCConfigurationList;
			buildConfigurations = (
				B3B9C2A215D7D59B001483BA /* Debug */,
				B3B9C2A315D7D59B001483BA /* Release */,
			);
			defaultConfigurationIsVisible = 0;
			defaultConfigurationName = Release;
		};
/* End XCConfigurationList section */
	};
	rootObject = B34EA6CB15D4FDE4007B041F /* Project object */;
}
